{
  "nodes": {
    "nixpkgs": {
      "locked": {
        "lastModified": 1710637405,
        "narHash": "sha256-w/woLwnFyhOeJWPjSWFtMNI2/RZTaAtHySIfm43Chos=",
        "owner": "NixOS",
        "repo": "nixpkgs",
        "rev": "299d4668ba61600311553920d9fd9c102145b2cb",
        "type": "github"
      },
      "original": {
        "id": "nixpkgs",
        "ref": "nixpkgs-unstable",
        "type": "indirect"
      }
    },
    "nixpkgs-python": {
      "locked": {
        "lastModified": 1710565619,
        "narHash": "sha256-xu/EnZCNdIj7m/QjCNIG5vrCA4TYg5uwFReb9XDxET0=",
        "owner": "NixOS",
        "repo": "nixpkgs",
        "rev": "8ac30a39abc5ea67037dfbf090d6e89f187c6e50",
        "type": "github"
      },
      "original": {
        "id": "nixpkgs",
        "ref": "nixos-23.11",
        "type": "indirect"
      }
    },
    "root": {
      "inputs": {
        "nixpkgs": "nixpkgs",
        "nixpkgs-python": "nixpkgs-python"
      }
    }
  },
  "root": "root",
  "version": 7
}
